
Microsoft Visual Studio Solution File, Format Version 12.00
# Visual Studio Version 16
VisualStudioVersion = 16.0.32228.343
MinimumVisualStudioVersion = 10.0.40219.1
Project("{FAE04EC0-301F-11D3-BF4B-00C04F79EFBC}") = "IT", "IT\IT.csproj", "{0B1D68F7-A1F7-46C3-9810-B044BAC60532}"
EndProject
Project("{2150E333-8FDC-42A3-9474-1A3956D46DE8}") = "Work_Document", "Work_Document", "{61D73984-87B1-4E6C-9413-85EE03BA1F35}"
	ProjectSection(SolutionItems) = preProject
		IT\Documents.xaml = IT\Documents.xaml
		IT\Documents.xaml.cs = IT\Documents.xaml.cs
		IT\Shablon_blank.xaml = IT\Shablon_blank.xaml
		IT\Shablon_blank.xaml.cs = IT\Shablon_blank.xaml.cs
		IT\The_condition_of_the_contract.xaml = IT\The_condition_of_the_contract.xaml
		IT\The_condition_of_the_contract.xaml.cs = IT\The_condition_of_the_contract.xaml.cs
		IT\Work_Shablon.xaml = IT\Work_Shablon.xaml
		IT\Work_Shablon.xaml.cs = IT\Work_Shablon.xaml.cs
	EndProjectSection
EndProject
Global
	GlobalSection(SolutionConfigurationPlatforms) = preSolution
		Debug|Any CPU = Debug|Any CPU
		Release|Any CPU = Release|Any CPU
	EndGlobalSection
	GlobalSection(ProjectConfigurationPlatforms) = postSolution
		{0B1D68F7-A1F7-46C3-9810-B044BAC60532}.Debug|Any CPU.ActiveCfg = Debug|Any CPU
		{0B1D68F7-A1F7-46C3-9810-B044BAC60532}.Debug|Any CPU.Build.0 = Debug|Any CPU
		{0B1D68F7-A1F7-46C3-9810-B044BAC60532}.Release|Any CPU.ActiveCfg = Release|Any CPU
		{0B1D68F7-A1F7-46C3-9810-B044BAC60532}.Release|Any CPU.Build.0 = Release|Any CPU
	EndGlobalSection
	GlobalSection(SolutionProperties) = preSolution
		HideSolutionNode = FALSE
	EndGlobalSection
	GlobalSection(ExtensibilityGlobals) = postSolution
		SolutionGuid = {2BA2A68F-6C89-43E4-867F-82C80D58057F}
	EndGlobalSection
EndGlobal
